{
  "name": "aituhaku",
  "version": "0.0.0",
  "dependencies": {
    "node-sass": {
      "version": "0.8.3",
      "from": "https://registry.npmjs.org/node-sass/-/node-sass-0.8.3.tgz",
      "resolved": "https://registry.npmjs.org/node-sass/-/node-sass-0.8.3.tgz",
      "dependencies": {
        "mkdirp": {
          "version": "0.3.5",
          "from": "mkdirp@0.3.5",
          "resolved": "https://registry.npmjs.org/mkdirp/-/mkdirp-0.3.5.tgz"
        },
        "optimist": {
          "version": "0.6.1",
          "from": "optimist@0.6.1",
          "resolved": "https://registry.npmjs.org/optimist/-/optimist-0.6.1.tgz",
          "dependencies": {
            "wordwrap": {
              "version": "0.0.2",
              "from": "wordwrap@0.0.2",
              "resolved": "https://registry.npmjs.org/wordwrap/-/wordwrap-0.0.2.tgz"
            },
            "minimist": {
              "version": "0.0.8",
              "from": "minimist@0.0.8",
              "resolved": "https://registry.npmjs.org/minimist/-/minimist-0.0.8.tgz"
            }
          }
        },
        "node-watch": {
          "version": "0.3.4",
          "from": "node-watch@0.3.4",
          "resolved": "https://registry.npmjs.org/node-watch/-/node-watch-0.3.4.tgz"
        },
        "mocha": {
          "version": "1.13.0",
          "from": "mocha@1.13.0",
          "resolved": "https://registry.npmjs.org/mocha/-/mocha-1.13.0.tgz",
          "dependencies": {
            "commander": {
              "version": "0.6.1",
              "from": "commander@0.6.1",
              "resolved": "https://registry.npmjs.org/commander/-/commander-0.6.1.tgz"
            },
            "growl": {
              "version": "1.7.0",
              "from": "growl@1.7.0",
              "resolved": "https://registry.npmjs.org/growl/-/growl-1.7.0.tgz"
            },
            "jade": {
              "version": "0.26.3",
              "from": "jade@0.26.3",
              "resolved": "https://registry.npmjs.org/jade/-/jade-0.26.3.tgz",
              "dependencies": {
                "mkdirp": {
                  "version": "0.3.0",
                  "from": "mkdirp@0.3.0",
                  "resolved": "https://registry.npmjs.org/mkdirp/-/mkdirp-0.3.0.tgz"
                }
              }
            },
            "diff": {
              "version": "1.0.7",
              "from": "diff@1.0.7",
              "resolved": "https://registry.npmjs.org/diff/-/diff-1.0.7.tgz"
            },
            "debug": {
              "version": "0.7.4",
              "from": "debug@0.7.4",
              "resolved": "https://registry.npmjs.org/debug/-/debug-0.7.4.tgz"
            },
            "glob": {
              "version": "3.2.3",
              "from": "glob@3.2.3",
              "resolved": "https://registry.npmjs.org/glob/-/glob-3.2.3.tgz",
              "dependencies": {
                "minimatch": {
                  "version": "0.2.14",
                  "from": "minimatch@0.2.14",
                  "resolved": "https://registry.npmjs.org/minimatch/-/minimatch-0.2.14.tgz",
                  "dependencies": {
                    "lru-cache": {
                      "version": "2.5.0",
                      "from": "lru-cache@2.5.0",
                      "resolved": "https://registry.npmjs.org/lru-cache/-/lru-cache-2.5.0.tgz"
                    },
                    "sigmund": {
                      "version": "1.0.0",
                      "from": "sigmund@1.0.0",
                      "resolved": "https://registry.npmjs.org/sigmund/-/sigmund-1.0.0.tgz"
                    }
                  }
                },
                "graceful-fs": {
                  "version": "2.0.3",
                  "from": "graceful-fs@2.0.3",
                  "resolved": "https://registry.npmjs.org/graceful-fs/-/graceful-fs-2.0.3.tgz"
                },
                "inherits": {
                  "version": "2.0.1",
                  "from": "inherits@2.0.1",
                  "resolved": "https://registry.npmjs.org/inherits/-/inherits-2.0.1.tgz"
                }
              }
            }
          }
        },
        "chalk": {
          "version": "0.3.0",
          "from": "chalk@0.3.0",
          "resolved": "https://registry.npmjs.org/chalk/-/chalk-0.3.0.tgz",
          "dependencies": {
            "has-color": {
              "version": "0.1.4",
              "from": "has-color@0.1.4",
              "resolved": "https://registry.npmjs.org/has-color/-/has-color-0.1.4.tgz"
            },
            "ansi-styles": {
              "version": "0.2.0",
              "from": "ansi-styles@0.2.0",
              "resolved": "https://registry.npmjs.org/ansi-styles/-/ansi-styles-0.2.0.tgz"
            }
          }
        },
        "nan": {
          "version": "0.6.0",
          "from": "nan@0.6.0",
          "resolved": "https://registry.npmjs.org/nan/-/nan-0.6.0.tgz"
        }
      }
    }
  }
}
